
Microsoft Visual Studio Solution File, Format Version 12.00
# Visual Studio Version 17
VisualStudioVersion = 17.7.34221.43
MinimumVisualStudioVersion = 10.0.40219.1
Project("{FAE04EC0-301F-11D3-BF4B-00C04F79EFBC}") = "Dziedziczenie_muzyka_zadanie", "Dziedziczenie_muzyka_zadanie.csproj", "{97786AE5-6C55-4E8B-80F8-11E1A9AE3921}"
EndProject
Global
	GlobalSection(SolutionConfigurationPlatforms) = preSolution
		Debug|Any CPU = Debug|Any CPU
		Release|Any CPU = Release|Any CPU
	EndGlobalSection
	GlobalSection(ProjectConfigurationPlatforms) = postSolution
		{97786AE5-6C55-4E8B-80F8-11E1A9AE3921}.Debug|Any CPU.ActiveCfg = Debug|Any CPU
		{97786AE5-6C55-4E8B-80F8-11E1A9AE3921}.Debug|Any CPU.Build.0 = Debug|Any CPU
		{97786AE5-6C55-4E8B-80F8-11E1A9AE3921}.Release|Any CPU.ActiveCfg = Release|Any CPU
		{97786AE5-6C55-4E8B-80F8-11E1A9AE3921}.Release|Any CPU.Build.0 = Release|Any CPU
	EndGlobalSection
	GlobalSection(SolutionProperties) = preSolution
		HideSolutionNode = FALSE
	EndGlobalSection
	GlobalSection(ExtensibilityGlobals) = postSolution
		SolutionGuid = {4F42848B-4304-4798-831C-9231E29C5B06}
	EndGlobalSection
EndGlobal
